{
  "name": "sampleconsumer",
  "version": "1.0.0",
  "lockfileVersion": 1,
  "requires": true,
  "dependencies": {
    "numwithcommas": {
      "version": "1.1.5",
      "resolved": "https://registry.npmjs.org/numwithcommas/-/numwithcommas-1.1.5.tgz",
      "integrity": "sha512-GbzRC4X3BFiWc2MuNgvevKgwbRbRd+zGLGj5qN5E9fNcLsnI8lcoFz0i9q9IftWkv4rr3DrSZFf08DIKIOQX1g=="
    }
  }
}
