{
  "name": "sampleconsumer",
  "version": "1.0.0",
  "lockfileVersion": 1,
  "requires": true,
  "dependencies": {
    "numwithcommas": {
      "version": "1.1.1",
      "resolved": "https://registry.npmjs.org/numwithcommas/-/numwithcommas-1.1.1.tgz",
      "integrity": "sha512-KbvzE8lE8cLOM9GxChpRzCxn9bb4MTP3QKMu3CxgV3eUQxlLHLLqaEcKV9ueNGjR7JJTtMgp6U2JlBE0xXJjHw=="
    }
  }
}
